hash: ae45a382a18c2b323883b4471bdd4d3307b18be7d06d1a9b811be3739284ff54
updated: 2017-09-19T23:03:15.467189207Z
imports:
- name: github.com/armon/circbuf
  version: bbbad097214e2918d8543d5201d12bfd7bca254d
- name: github.com/aws/aws-sdk-go
  version: 9924c83c280264fb32f34cc5095204c451bedf0c
  subpackages:
  - aws
  - aws/awserr
  - aws/awsutil
  - aws/client
  - aws/client/metadata
  - aws/corehandlers
  - aws/credentials
  - aws/credentials/ec2rolecreds
  - aws/credentials/endpointcreds
  - aws/credentials/stscreds
  - aws/defaults
  - aws/ec2metadata
  - aws/endpoints
  - aws/request
  - aws/session
  - aws/signer/v4
  - internal/shareddefaults
  - private/protocol
  - private/protocol/json/jsonutil
  - private/protocol/jsonrpc
  - private/protocol/query
  - private/protocol/query/queryutil
  - private/protocol/rest
  - private/protocol/xml/xmlutil
  - service/sfn
  - service/sfn/sfniface
  - service/sts
- name: github.com/go-ini/ini
  version: c787282c39ac1fc618827141a1f762240def08a3
- name: github.com/jmespath/go-jmespath
  version: bd40a432e4c76585ef6b72d3fd96fb9b6dc7b68d
- name: github.com/xeipuuv/gojsonpointer
  version: 6fe8760cad3569743d51ddbb243b26f8456742dc
- name: github.com/xeipuuv/gojsonreference
  version: e02fc20de94c78484cd5ffb007f8af96be030a45
- name: github.com/xeipuuv/gojsonschema
  version: 3f523f4c14b6e925da10475eb0447c2f28614aac
- name: gopkg.in/Clever/kayvee-go.v6
  version: e6f953eac5b9d8e41dff6587e0ae6d58b50da5c5
  subpackages:
  - logger
  - router
- name: gopkg.in/yaml.v2
  version: eb3733d160e74a9c7e442f435eb3bea458e1d19f
testImports: []
